
Microsoft Visual Studio Solution File, Format Version 12.00
# Visual Studio 14
VisualStudioVersion = 14.0.25420.1
MinimumVisualStudioVersion = 10.0.40219.1
Project("{FAE04EC0-301F-11D3-BF4B-00C04F79EFBC}") = "SimilarityToolkit", "SimilarityToolkit\SimilarityToolkit.csproj", "{9CA0629B-43CF-4DC2-88EE-896C529D060F}"
EndProject
Project("{FAE04EC0-301F-11D3-BF4B-00C04F79EFBC}") = "SimilarityToolkit.UnitTests", "SimilarityToolkit.UnitTests\SimilarityToolkit.UnitTests.csproj", "{D722F1B5-BA2A-4574-BE8D-9E47A69E466B}"
EndProject
Global
	GlobalSection(SolutionConfigurationPlatforms) = preSolution
		Debug|Any CPU = Debug|Any CPU
		Release|Any CPU = Release|Any CPU
	EndGlobalSection
	GlobalSection(ProjectConfigurationPlatforms) = postSolution
		{9CA0629B-43CF-4DC2-88EE-896C529D060F}.Debug|Any CPU.ActiveCfg = Debug|Any CPU
		{9CA0629B-43CF-4DC2-88EE-896C529D060F}.Debug|Any CPU.Build.0 = Debug|Any CPU
		{9CA0629B-43CF-4DC2-88EE-896C529D060F}.Release|Any CPU.ActiveCfg = Release|Any CPU
		{9CA0629B-43CF-4DC2-88EE-896C529D060F}.Release|Any CPU.Build.0 = Release|Any CPU
		{D722F1B5-BA2A-4574-BE8D-9E47A69E466B}.Debug|Any CPU.ActiveCfg = Debug|Any CPU
		{D722F1B5-BA2A-4574-BE8D-9E47A69E466B}.Debug|Any CPU.Build.0 = Debug|Any CPU
		{D722F1B5-BA2A-4574-BE8D-9E47A69E466B}.Release|Any CPU.ActiveCfg = Release|Any CPU
		{D722F1B5-BA2A-4574-BE8D-9E47A69E466B}.Release|Any CPU.Build.0 = Release|Any CPU
	EndGlobalSection
	GlobalSection(SolutionProperties) = preSolution
		HideSolutionNode = FALSE
	EndGlobalSection
EndGlobal
